{
  "name": "@proxtx/combine-ws",
  "version": "1.0.8",
  "lockfileVersion": 2,
  "requires": true,
  "packages": {
    "": {
      "name": "@proxtx/combine-ws",
      "version": "1.0.8",
      "license": "MIT",
      "dependencies": {
        "@proxtx/combine": "^2.1.3",
        "@proxtx/websocket": "^1.0.1"
      }
    },
    "node_modules/@proxtx/combine": {
      "version": "2.1.3",
      "resolved": "https://registry.npmjs.org/@proxtx/combine/-/combine-2.1.3.tgz",
      "integrity": "sha512-vaSjAkZcxUT0JVyI0G/hUwNse46CY151Y0LrJihyKHiTOgJNzzBrGuOlm3q2BegyUpKbxlhcTdSa00jlXCh5Zw=="
    },
    "node_modules/@proxtx/websocket": {
      "version": "1.0.1",
      "resolved": "https://registry.npmjs.org/@proxtx/websocket/-/websocket-1.0.1.tgz",
      "integrity": "sha512-9fSkqfoLGSs5lHENUtIwKawIHQfZRJ9a2qr/4r+xnvrVmmFkQff1189XPxluh/lbv2p8tK+AcQEN0ZFoE7xlKQ=="
    }
  },
  "dependencies": {
    "@proxtx/combine": {
      "version": "2.1.3",
      "resolved": "https://registry.npmjs.org/@proxtx/combine/-/combine-2.1.3.tgz",
      "integrity": "sha512-vaSjAkZcxUT0JVyI0G/hUwNse46CY151Y0LrJihyKHiTOgJNzzBrGuOlm3q2BegyUpKbxlhcTdSa00jlXCh5Zw=="
    },
    "@proxtx/websocket": {
      "version": "1.0.1",
      "resolved": "https://registry.npmjs.org/@proxtx/websocket/-/websocket-1.0.1.tgz",
      "integrity": "sha512-9fSkqfoLGSs5lHENUtIwKawIHQfZRJ9a2qr/4r+xnvrVmmFkQff1189XPxluh/lbv2p8tK+AcQEN0ZFoE7xlKQ=="
    }
  }
}
