{
  "name": "@proxtx/combine-ws",
  "version": "1.1.3",
  "lockfileVersion": 2,
  "requires": true,
  "packages": {
    "": {
      "name": "@proxtx/combine-ws",
      "version": "1.1.3",
      "license": "MIT",
      "dependencies": {
        "@proxtx/combine": "^3.1.4",
        "@proxtx/websocket": "^1.0.3"
      }
    },
    "node_modules/@proxtx/combine": {
      "version": "3.1.4",
      "resolved": "https://registry.npmjs.org/@proxtx/combine/-/combine-3.1.4.tgz",
      "integrity": "sha512-7IR2HRO0pGps1TuaaZ+LNsK2sVGd1CTvgRYPrQDeAVmZ+AcLl3Hyt05CDxHPr0hPDTGHRWeu//bsfHT0jthSzg=="
    },
    "node_modules/@proxtx/websocket": {
      "version": "1.0.3",
      "resolved": "https://registry.npmjs.org/@proxtx/websocket/-/websocket-1.0.3.tgz",
      "integrity": "sha512-Kl1BpH1iZQrsPTFNS8zON1ZsaqJbq1KR3x3F0Bgwji59vZA233fr22xzR5iOG/v70jve7OYC9kQxj9Vnyk43dg=="
    }
  },
  "dependencies": {
    "@proxtx/combine": {
      "version": "3.1.4",
      "resolved": "https://registry.npmjs.org/@proxtx/combine/-/combine-3.1.4.tgz",
      "integrity": "sha512-7IR2HRO0pGps1TuaaZ+LNsK2sVGd1CTvgRYPrQDeAVmZ+AcLl3Hyt05CDxHPr0hPDTGHRWeu//bsfHT0jthSzg=="
    },
    "@proxtx/websocket": {
      "version": "1.0.3",
      "resolved": "https://registry.npmjs.org/@proxtx/websocket/-/websocket-1.0.3.tgz",
      "integrity": "sha512-Kl1BpH1iZQrsPTFNS8zON1ZsaqJbq1KR3x3F0Bgwji59vZA233fr22xzR5iOG/v70jve7OYC9kQxj9Vnyk43dg=="
    }
  }
}
