{
  "name": "combinews",
  "version": "1.0.0",
  "lockfileVersion": 2,
  "requires": true,
  "packages": {
    "": {
      "name": "combinews",
      "version": "1.0.0",
      "license": "MIT",
      "dependencies": {
        "@proxtx/combine": "^2.0.2"
      }
    },
    "node_modules/@proxtx/combine": {
      "version": "2.0.2",
      "resolved": "https://registry.npmjs.org/@proxtx/combine/-/combine-2.0.2.tgz",
      "integrity": "sha512-avmm0xYpnv4UXYIQdMwwjdSQ6Ep3Ym/uE+mUHVg/dPjLJfi+kB2ouD8lu+GSuycq7DHpQL3wTaqqU9tiKa2EfQ=="
    }
  },
  "dependencies": {
    "@proxtx/combine": {
      "version": "2.0.2",
      "resolved": "https://registry.npmjs.org/@proxtx/combine/-/combine-2.0.2.tgz",
      "integrity": "sha512-avmm0xYpnv4UXYIQdMwwjdSQ6Ep3Ym/uE+mUHVg/dPjLJfi+kB2ouD8lu+GSuycq7DHpQL3wTaqqU9tiKa2EfQ=="
    }
  }
}
